
Microsoft Visual Studio Solution File, Format Version 12.00
# Visual Studio 15
VisualStudioVersion = 15.0.28010.2003
MinimumVisualStudioVersion = 10.0.40219.1
Project("{FAE04EC0-301F-11D3-BF4B-00C04F79EFBC}") = "Sales.Android", "Sales\Sales.Android\Sales.Android.csproj", "{9081C250-C152-454E-AED5-3B5AA9464F16}"
EndProject
Project("{FAE04EC0-301F-11D3-BF4B-00C04F79EFBC}") = "Sales.iOS", "Sales\Sales.iOS\Sales.iOS.csproj", "{CF9E46B9-73DC-4E1D-9213-B2CF8CECF315}"
EndProject
Project("{FAE04EC0-301F-11D3-BF4B-00C04F79EFBC}") = "Sales", "Sales\Sales\Sales.csproj", "{03412785-D973-498B-9481-F97AC8E69644}"
EndProject
Global
	GlobalSection(SolutionConfigurationPlatforms) = preSolution
		Ad-Hoc|Any CPU = Ad-Hoc|Any CPU
		Ad-Hoc|iPhone = Ad-Hoc|iPhone
		Ad-Hoc|iPhoneSimulator = Ad-Hoc|iPhoneSimulator
		AppStore|Any CPU = AppStore|Any CPU
		AppStore|iPhone = AppStore|iPhone
		AppStore|iPhoneSimulator = AppStore|iPhoneSimulator
		Debug|Any CPU = Debug|Any CPU
		Debug|iPhone = Debug|iPhone
		Debug|iPhoneSimulator = Debug|iPhoneSimulator
		Release|Any CPU = Release|Any CPU
		Release|iPhone = Release|iPhone
		Release|iPhoneSimulator = Release|iPhoneSimulator
	EndGlobalSection
	GlobalSection(ProjectConfigurationPlatforms) = postSolution
		{9081C250-C152-454E-AED5-3B5AA9464F16}.Ad-Hoc|Any CPU.ActiveCfg = Release|Any CPU
		{9081C250-C152-454E-AED5-3B5AA9464F16}.Ad-Hoc|Any CPU.Build.0 = Release|Any CPU
		{9081C250-C152-454E-AED5-3B5AA9464F16}.Ad-Hoc|Any CPU.Deploy.0 = Release|Any CPU
		{9081C250-C152-454E-AED5-3B5AA9464F16}.Ad-Hoc|iPhone.ActiveCfg = Release|Any CPU
		{9081C250-C152-454E-AED5-3B5AA9464F16}.Ad-Hoc|iPhone.Build.0 = Release|Any CPU
		{9081C250-C152-454E-AED5-3B5AA9464F16}.Ad-Hoc|iPhone.Deploy.0 = Release|Any CPU
		{9081C250-C152-454E-AED5-3B5AA9464F16}.Ad-Hoc|iPhoneSimulator.ActiveCfg = Release|Any CPU
		{9081C250-C152-454E-AED5-3B5AA9464F16}.Ad-Hoc|iPhoneSimulator.Build.0 = Release|Any CPU
		{9081C250-C152-454E-AED5-3B5AA9464F16}.Ad-Hoc|iPhoneSimulator.Deploy.0 = Release|Any CPU
		{9081C250-C152-454E-AED5-3B5AA9464F16}.AppStore|Any CPU.ActiveCfg = Release|Any CPU
		{9081C250-C152-454E-AED5-3B5AA9464F16}.AppStore|Any CPU.Build.0 = Release|Any CPU
		{9081C250-C152-454E-AED5-3B5AA9464F16}.AppStore|Any CPU.Deploy.0 = Release|Any CPU
		{9081C250-C152-454E-AED5-3B5AA9464F16}.AppStore|iPhone.ActiveCfg = Release|Any CPU
		{9081C250-C152-454E-AED5-3B5AA9464F16}.AppStore|iPhone.Build.0 = Release|Any CPU
		{9081C250-C152-454E-AED5-3B5AA9464F16}.AppStore|iPhone.Deploy.0 = Release|Any CPU
		{9081C250-C152-454E-AED5-3B5AA9464F16}.AppStore|iPhoneSimulator.ActiveCfg = Release|Any CPU
		{9081C250-C152-454E-AED5-3B5AA9464F16}.AppStore|iPhoneSimulator.Build.0 = Release|Any CPU
		{9081C250-C152-454E-AED5-3B5AA9464F16}.AppStore|iPhoneSimulator.Deploy.0 = Release|Any CPU
		{9081C250-C152-454E-AED5-3B5AA9464F16}.Debug|Any CPU.ActiveCfg = Debug|Any CPU
		{9081C250-C152-454E-AED5-3B5AA9464F16}.Debug|Any CPU.Build.0 = Debug|Any CPU
		{9081C250-C152-454E-AED5-3B5AA9464F16}.Debug|Any CPU.Deploy.0 = Debug|Any CPU
		{9081C250-C152-454E-AED5-3B5AA9464F16}.Debug|iPhone.ActiveCfg = Debug|Any CPU
		{9081C250-C152-454E-AED5-3B5AA9464F16}.Debug|iPhone.Build.0 = Debug|Any CPU
		{9081C250-C152-454E-AED5-3B5AA9464F16}.Debug|iPhone.Deploy.0 = Debug|Any CPU
		{9081C250-C152-454E-AED5-3B5AA9464F16}.Debug|iPhoneSimulator.ActiveCfg = Debug|Any CPU
		{9081C250-C152-454E-AED5-3B5AA9464F16}.Debug|iPhoneSimulator.Build.0 = Debug|Any CPU
		{9081C250-C152-454E-AED5-3B5AA9464F16}.Debug|iPhoneSimulator.Deploy.0 = Debug|Any CPU
		{9081C250-C152-454E-AED5-3B5AA9464F16}.Release|Any CPU.ActiveCfg = Release|Any CPU
		{9081C250-C152-454E-AED5-3B5AA9464F16}.Release|Any CPU.Build.0 = Release|Any CPU
		{9081C250-C152-454E-AED5-3B5AA9464F16}.Release|Any CPU.Deploy.0 = Release|Any CPU
		{9081C250-C152-454E-AED5-3B5AA9464F16}.Release|iPhone.ActiveCfg = Release|Any CPU
		{9081C250-C152-454E-AED5-3B5AA9464F16}.Release|iPhone.Build.0 = Release|Any CPU
		{9081C250-C152-454E-AED5-3B5AA9464F16}.Release|iPhone.Deploy.0 = Release|Any CPU
		{9081C250-C152-454E-AED5-3B5AA9464F16}.Release|iPhoneSimulator.ActiveCfg = Release|Any CPU
		{9081C250-C152-454E-AED5-3B5AA9464F16}.Release|iPhoneSimulator.Build.0 = Release|Any CPU
		{9081C250-C152-454E-AED5-3B5AA9464F16}.Release|iPhoneSimulator.Deploy.0 = Release|Any CPU
		{CF9E46B9-73DC-4E1D-9213-B2CF8CECF315}.Ad-Hoc|Any CPU.ActiveCfg = Ad-Hoc|iPhone
		{CF9E46B9-73DC-4E1D-9213-B2CF8CECF315}.Ad-Hoc|Any CPU.Build.0 = Ad-Hoc|iPhone
		{CF9E46B9-73DC-4E1D-9213-B2CF8CECF315}.Ad-Hoc|Any CPU.Deploy.0 = Ad-Hoc|iPhone
		{CF9E46B9-73DC-4E1D-9213-B2CF8CECF315}.Ad-Hoc|iPhone.ActiveCfg = Ad-Hoc|iPhone
		{CF9E46B9-73DC-4E1D-9213-B2CF8CECF315}.Ad-Hoc|iPhone.Build.0 = Ad-Hoc|iPhone
		{CF9E46B9-73DC-4E1D-9213-B2CF8CECF315}.Ad-Hoc|iPhone.Deploy.0 = Ad-Hoc|iPhone
		{CF9E46B9-73DC-4E1D-9213-B2CF8CECF315}.Ad-Hoc|iPhoneSimulator.ActiveCfg = Ad-Hoc|iPhoneSimulator
		{CF9E46B9-73DC-4E1D-9213-B2CF8CECF315}.Ad-Hoc|iPhoneSimulator.Build.0 = Ad-Hoc|iPhoneSimulator
		{CF9E46B9-73DC-4E1D-9213-B2CF8CECF315}.Ad-Hoc|iPhoneSimulator.Deploy.0 = Ad-Hoc|iPhoneSimulator
		{CF9E46B9-73DC-4E1D-9213-B2CF8CECF315}.AppStore|Any CPU.ActiveCfg = AppStore|iPhone
		{CF9E46B9-73DC-4E1D-9213-B2CF8CECF315}.AppStore|Any CPU.Build.0 = AppStore|iPhone
		{CF9E46B9-73DC-4E1D-9213-B2CF8CECF315}.AppStore|Any CPU.Deploy.0 = AppStore|iPhone
		{CF9E46B9-73DC-4E1D-9213-B2CF8CECF315}.AppStore|iPhone.ActiveCfg = AppStore|iPhone
		{CF9E46B9-73DC-4E1D-9213-B2CF8CECF315}.AppStore|iPhone.Build.0 = AppStore|iPhone
		{CF9E46B9-73DC-4E1D-9213-B2CF8CECF315}.AppStore|iPhone.Deploy.0 = AppStore|iPhone
		{CF9E46B9-73DC-4E1D-9213-B2CF8CECF315}.AppStore|iPhoneSimulator.ActiveCfg = AppStore|iPhoneSimulator
		{CF9E46B9-73DC-4E1D-9213-B2CF8CECF315}.AppStore|iPhoneSimulator.Build.0 = AppStore|iPhoneSimulator
		{CF9E46B9-73DC-4E1D-9213-B2CF8CECF315}.AppStore|iPhoneSimulator.Deploy.0 = AppStore|iPhoneSimulator
		{CF9E46B9-73DC-4E1D-9213-B2CF8CECF315}.Debug|Any CPU.ActiveCfg = Debug|iPhoneSimulator
		{CF9E46B9-73DC-4E1D-9213-B2CF8CECF315}.Debug|Any CPU.Build.0 = Debug|iPhoneSimulator
		{CF9E46B9-73DC-4E1D-9213-B2CF8CECF315}.Debug|Any CPU.Deploy.0 = Debug|iPhoneSimulator
		{CF9E46B9-73DC-4E1D-9213-B2CF8CECF315}.Debug|iPhone.ActiveCfg = Debug|iPhone
		{CF9E46B9-73DC-4E1D-9213-B2CF8CECF315}.Debug|iPhone.Build.0 = Debug|iPhone
		{CF9E46B9-73DC-4E1D-9213-B2CF8CECF315}.Debug|iPhone.Deploy.0 = Debug|iPhone
		{CF9E46B9-73DC-4E1D-9213-B2CF8CECF315}.Debug|iPhoneSimulator.ActiveCfg = Debug|iPhoneSimulator
		{CF9E46B9-73DC-4E1D-9213-B2CF8CECF315}.Debug|iPhoneSimulator.Build.0 = Debug|iPhoneSimulator
		{CF9E46B9-73DC-4E1D-9213-B2CF8CECF315}.Debug|iPhoneSimulator.Deploy.0 = Debug|iPhoneSimulator
		{CF9E46B9-73DC-4E1D-9213-B2CF8CECF315}.Release|Any CPU.ActiveCfg = Release|iPhone
		{CF9E46B9-73DC-4E1D-9213-B2CF8CECF315}.Release|Any CPU.Build.0 = Release|iPhone
		{CF9E46B9-73DC-4E1D-9213-B2CF8CECF315}.Release|Any CPU.Deploy.0 = Release|iPhone
		{CF9E46B9-73DC-4E1D-9213-B2CF8CECF315}.Release|iPhone.ActiveCfg = Release|iPhone
		{CF9E46B9-73DC-4E1D-9213-B2CF8CECF315}.Release|iPhone.Build.0 = Release|iPhone
		{CF9E46B9-73DC-4E1D-9213-B2CF8CECF315}.Release|iPhone.Deploy.0 = Release|iPhone
		{CF9E46B9-73DC-4E1D-9213-B2CF8CECF315}.Release|iPhoneSimulator.ActiveCfg = Release|iPhoneSimulator
		{CF9E46B9-73DC-4E1D-9213-B2CF8CECF315}.Release|iPhoneSimulator.Build.0 = Release|iPhoneSimulator
		{CF9E46B9-73DC-4E1D-9213-B2CF8CECF315}.Release|iPhoneSimulator.Deploy.0 = Release|iPhoneSimulator
		{03412785-D973-498B-9481-F97AC8E69644}.Ad-Hoc|Any CPU.ActiveCfg = Debug|Any CPU
		{03412785-D973-498B-9481-F97AC8E69644}.Ad-Hoc|Any CPU.Build.0 = Debug|Any CPU
		{03412785-D973-498B-9481-F97AC8E69644}.Ad-Hoc|Any CPU.Deploy.0 = Debug|Any CPU
		{03412785-D973-498B-9481-F97AC8E69644}.Ad-Hoc|iPhone.ActiveCfg = Debug|Any CPU
		{03412785-D973-498B-9481-F97AC8E69644}.Ad-Hoc|iPhone.Build.0 = Debug|Any CPU
		{03412785-D973-498B-9481-F97AC8E69644}.Ad-Hoc|iPhone.Deploy.0 = Debug|Any CPU
		{03412785-D973-498B-9481-F97AC8E69644}.Ad-Hoc|iPhoneSimulator.ActiveCfg = Debug|Any CPU
		{03412785-D973-498B-9481-F97AC8E69644}.Ad-Hoc|iPhoneSimulator.Build.0 = Debug|Any CPU
		{03412785-D973-498B-9481-F97AC8E69644}.Ad-Hoc|iPhoneSimulator.Deploy.0 = Debug|Any CPU
		{03412785-D973-498B-9481-F97AC8E69644}.AppStore|Any CPU.ActiveCfg = Debug|Any CPU
		{03412785-D973-498B-9481-F97AC8E69644}.AppStore|Any CPU.Build.0 = Debug|Any CPU
		{03412785-D973-498B-9481-F97AC8E69644}.AppStore|Any CPU.Deploy.0 = Debug|Any CPU
		{03412785-D973-498B-9481-F97AC8E69644}.AppStore|iPhone.ActiveCfg = Debug|Any CPU
		{03412785-D973-498B-9481-F97AC8E69644}.AppStore|iPhone.Build.0 = Debug|Any CPU
		{03412785-D973-498B-9481-F97AC8E69644}.AppStore|iPhone.Deploy.0 = Debug|Any CPU
		{03412785-D973-498B-9481-F97AC8E69644}.AppStore|iPhoneSimulator.ActiveCfg = Debug|Any CPU
		{03412785-D973-498B-9481-F97AC8E69644}.AppStore|iPhoneSimulator.Build.0 = Debug|Any CPU
		{03412785-D973-498B-9481-F97AC8E69644}.AppStore|iPhoneSimulator.Deploy.0 = Debug|Any CPU
		{03412785-D973-498B-9481-F97AC8E69644}.Debug|Any CPU.ActiveCfg = Debug|Any CPU
		{03412785-D973-498B-9481-F97AC8E69644}.Debug|Any CPU.Build.0 = Debug|Any CPU
		{03412785-D973-498B-9481-F97AC8E69644}.Debug|Any CPU.Deploy.0 = Debug|Any CPU
		{03412785-D973-498B-9481-F97AC8E69644}.Debug|iPhone.ActiveCfg = Debug|Any CPU
		{03412785-D973-498B-9481-F97AC8E69644}.Debug|iPhone.Build.0 = Debug|Any CPU
		{03412785-D973-498B-9481-F97AC8E69644}.Debug|iPhone.Deploy.0 = Debug|Any CPU
		{03412785-D973-498B-9481-F97AC8E69644}.Debug|iPhoneSimulator.ActiveCfg = Debug|Any CPU
		{03412785-D973-498B-9481-F97AC8E69644}.Debug|iPhoneSimulator.Build.0 = Debug|Any CPU
		{03412785-D973-498B-9481-F97AC8E69644}.Debug|iPhoneSimulator.Deploy.0 = Debug|Any CPU
		{03412785-D973-498B-9481-F97AC8E69644}.Release|Any CPU.ActiveCfg = Release|Any CPU
		{03412785-D973-498B-9481-F97AC8E69644}.Release|Any CPU.Build.0 = Release|Any CPU
		{03412785-D973-498B-9481-F97AC8E69644}.Release|Any CPU.Deploy.0 = Release|Any CPU
		{03412785-D973-498B-9481-F97AC8E69644}.Release|iPhone.ActiveCfg = Release|Any CPU
		{03412785-D973-498B-9481-F97AC8E69644}.Release|iPhone.Build.0 = Release|Any CPU
		{03412785-D973-498B-9481-F97AC8E69644}.Release|iPhone.Deploy.0 = Release|Any CPU
		{03412785-D973-498B-9481-F97AC8E69644}.Release|iPhoneSimulator.ActiveCfg = Release|Any CPU
		{03412785-D973-498B-9481-F97AC8E69644}.Release|iPhoneSimulator.Build.0 = Release|Any CPU
		{03412785-D973-498B-9481-F97AC8E69644}.Release|iPhoneSimulator.Deploy.0 = Release|Any CPU
	EndGlobalSection
	GlobalSection(SolutionProperties) = preSolution
		HideSolutionNode = FALSE
	EndGlobalSection
	GlobalSection(ExtensibilityGlobals) = postSolution
		SolutionGuid = {2B9F51E6-123F-497B-9718-9B617C059B1B}
	EndGlobalSection
EndGlobal
